
Microsoft Visual Studio Solution File, Format Version 12.00
# Visual Studio 15
VisualStudioVersion = 15.0.27703.2042
MinimumVisualStudioVersion = 10.0.40219.1
Project("{FAE04EC0-301F-11D3-BF4B-00C04F79EFBC}") = "CurrencyMVC", "CurrencyMVC\CurrencyMVC.csproj", "{9B0CC2C4-6302-41F8-B0DA-8C181E74F474}"
EndProject
Global
	GlobalSection(SolutionConfigurationPlatforms) = preSolution
		Debug|Any CPU = Debug|Any CPU
		Release|Any CPU = Release|Any CPU
	EndGlobalSection
	GlobalSection(ProjectConfigurationPlatforms) = postSolution
		{9B0CC2C4-6302-41F8-B0DA-8C181E74F474}.Debug|Any CPU.ActiveCfg = Debug|Any CPU
		{9B0CC2C4-6302-41F8-B0DA-8C181E74F474}.Debug|Any CPU.Build.0 = Debug|Any CPU
		{9B0CC2C4-6302-41F8-B0DA-8C181E74F474}.Release|Any CPU.ActiveCfg = Release|Any CPU
		{9B0CC2C4-6302-41F8-B0DA-8C181E74F474}.Release|Any CPU.Build.0 = Release|Any CPU
	EndGlobalSection
	GlobalSection(SolutionProperties) = preSolution
		HideSolutionNode = FALSE
	EndGlobalSection
	GlobalSection(ExtensibilityGlobals) = postSolution
		SolutionGuid = {8395F9F8-DFDD-44F2-879F-B7E0D2C1FE6F}
	EndGlobalSection
EndGlobal
